// !$*UTF8*$!
{
	archiveVersion = 1;
	classes = {
	};
	objectVersion = 48;
	objects = {

/* Begin PBXBuildFile section */
		9CABAD94203FF02700BED47E /* AppDelegate.swift in Sources */ = {isa = PBXBuildFile; fileRef = 9CABAD93203FF02700BED47E /* AppDelegate.swift */; };
		9CABAD96203FF02700BED47E /* ViewController.swift in Sources */ = {isa = PBXBuildFile; fileRef = 9CABAD95203FF02700BED47E /* ViewController.swift */; };
		9CABAD99203FF02700BED47E /* Main.storyboard in Resources */ = {isa = PBXBuildFile; fileRef = 9CABAD97203FF02700BED47E /* Main.storyboard */; };
		9CABAD9B203FF02700BED47E /* Assets.xcassets in Resources */ = {isa = PBXBuildFile; fileRef = 9CABAD9A203FF02700BED47E /* Assets.xcassets */; };
		9CABAD9E203FF02700BED47E /* LaunchScreen.storyboard in Resources */ = {isa = PBXBuildFile; fileRef = 9CABAD9C203FF02700BED47E /* LaunchScreen.storyboard */; };
		9CABADA9203FF02700BED47E /* PlayerAppTests.swift in Sources */ = {isa = PBXBuildFile; fileRef = 9CABADA8203FF02700BED47E /* PlayerAppTests.swift */; };
		9CABADB9203FF63300BED47E /* URLRequestExtension.swift in Sources */ = {isa = PBXBuildFile; fileRef = 9CABADB4203FF63200BED47E /* URLRequestExtension.swift */; };
		9CABADBA203FF63300BED47E /* NetworkClient.swift in Sources */ = {isa = PBXBuildFile; fileRef = 9CABADB5203FF63200BED47E /* NetworkClient.swift */; };
		9CABADBB203FF63300BED47E /* NetworkCommunicator.swift in Sources */ = {isa = PBXBuildFile; fileRef = 9CABADB6203FF63200BED47E /* NetworkCommunicator.swift */; };
		9CABADBC203FF63300BED47E /* AudioDataFetchRequest.swift in Sources */ = {isa = PBXBuildFile; fileRef = 9CABADB7203FF63200BED47E /* AudioDataFetchRequest.swift */; };
		9CABADC3204004D000BED47E /* Audio.swift in Sources */ = {isa = PBXBuildFile; fileRef = 9CABADC2204004D000BED47E /* Audio.swift */; };
		9CABADC6204006B500BED47E /* AudioJson.swift in Sources */ = {isa = PBXBuildFile; fileRef = 9CABADC5204006B500BED47E /* AudioJson.swift */; };
/* End PBXBuildFile section */

/* Begin PBXContainerItemProxy section */
		9CABADA5203FF02700BED47E /* PBXContainerItemProxy */ = {
			isa = PBXContainerItemProxy;
			containerPortal = 9CABAD88203FF02700BED47E /* Project object */;
			proxyType = 1;
			remoteGlobalIDString = 9CABAD8F203FF02700BED47E;
			remoteInfo = PlayerApp;
		};
/* End PBXContainerItemProxy section */

/* Begin PBXFileReference section */
		9CABAD90203FF02700BED47E /* PlayerApp.app */ = {isa = PBXFileReference; explicitFileType = wrapper.application; includeInIndex = 0; path = PlayerApp.app; sourceTree = BUILT_PRODUCTS_DIR; };
		9CABAD93203FF02700BED47E /* AppDelegate.swift */ = {isa = PBXFileReference; lastKnownFileType = sourcecode.swift; path = AppDelegate.swift; sourceTree = "<group>"; };
		9CABAD95203FF02700BED47E /* ViewController.swift */ = {isa = PBXFileReference; lastKnownFileType = sourcecode.swift; path = ViewController.swift; sourceTree = "<group>"; };
		9CABAD98203FF02700BED47E /* Base */ = {isa = PBXFileReference; lastKnownFileType = file.storyboard; name = Base; path = Base.lproj/Main.storyboard; sourceTree = "<group>"; };
		9CABAD9A203FF02700BED47E /* Assets.xcassets */ = {isa = PBXFileReference; lastKnownFileType = folder.assetcatalog; path = Assets.xcassets; sourceTree = "<group>"; };
		9CABAD9D203FF02700BED47E /* Base */ = {isa = PBXFileReference; lastKnownFileType = file.storyboard; name = Base; path = Base.lproj/LaunchScreen.storyboard; sourceTree = "<group>"; };
		9CABAD9F203FF02700BED47E /* Info.plist */ = {isa = PBXFileReference; lastKnownFileType = text.plist.xml; path = Info.plist; sourceTree = "<group>"; };
		9CABADA4203FF02700BED47E /* PlayerAppTests.xctest */ = {isa = PBXFileReference; explicitFileType = wrapper.cfbundle; includeInIndex = 0; path = PlayerAppTests.xctest; sourceTree = BUILT_PRODUCTS_DIR; };
		9CABADA8203FF02700BED47E /* PlayerAppTests.swift */ = {isa = PBXFileReference; lastKnownFileType = sourcecode.swift; path = PlayerAppTests.swift; sourceTree = "<group>"; };
		9CABADAA203FF02700BED47E /* Info.plist */ = {isa = PBXFileReference; lastKnownFileType = text.plist.xml; path = Info.plist; sourceTree = "<group>"; };
		9CABADB4203FF63200BED47E /* URLRequestExtension.swift */ = {isa = PBXFileReference; fileEncoding = 4; lastKnownFileType = sourcecode.swift; path = URLRequestExtension.swift; sourceTree = "<group>"; };
		9CABADB5203FF63200BED47E /* NetworkClient.swift */ = {isa = PBXFileReference; fileEncoding = 4; lastKnownFileType = sourcecode.swift; path = NetworkClient.swift; sourceTree = "<group>"; };
		9CABADB6203FF63200BED47E /* NetworkCommunicator.swift */ = {isa = PBXFileReference; fileEncoding = 4; lastKnownFileType = sourcecode.swift; path = NetworkCommunicator.swift; sourceTree = "<group>"; };
		9CABADB7203FF63200BED47E /* AudioDataFetchRequest.swift */ = {isa = PBXFileReference; fileEncoding = 4; lastKnownFileType = sourcecode.swift; path = AudioDataFetchRequest.swift; sourceTree = "<group>"; };
		9CABADC2204004D000BED47E /* Audio.swift */ = {isa = PBXFileReference; lastKnownFileType = sourcecode.swift; path = Audio.swift; sourceTree = "<group>"; };
		9CABADC5204006B500BED47E /* AudioJson.swift */ = {isa = PBXFileReference; lastKnownFileType = sourcecode.swift; path = AudioJson.swift; sourceTree = "<group>"; };
/* End PBXFileReference section */

/* Begin PBXFrameworksBuildPhase section */
		9CABAD8D203FF02700BED47E /* Frameworks */ = {
			isa = PBXFrameworksBuildPhase;
			buildActionMask = 2147483647;
			files = (
			);
			runOnlyForDeploymentPostprocessing = 0;
		};
		9CABADA1203FF02700BED47E /* Frameworks */ = {
			isa = PBXFrameworksBuildPhase;
			buildActionMask = 2147483647;
			files = (
			);
			runOnlyForDeploymentPostprocessing = 0;
		};
/* End PBXFrameworksBuildPhase section */

/* Begin PBXGroup section */
		9CABAD87203FF02700BED47E = {
			isa = PBXGroup;
			children = (
				9CABAD92203FF02700BED47E /* PlayerApp */,
				9CABADA7203FF02700BED47E /* PlayerAppTests */,
				9CABAD91203FF02700BED47E /* Products */,
			);
			sourceTree = "<group>";
		};
		9CABAD91203FF02700BED47E /* Products */ = {
			isa = PBXGroup;
			children = (
				9CABAD90203FF02700BED47E /* PlayerApp.app */,
				9CABADA4203FF02700BED47E /* PlayerAppTests.xctest */,
			);
			name = Products;
			sourceTree = "<group>";
		};
		9CABAD92203FF02700BED47E /* PlayerApp */ = {
			isa = PBXGroup;
			children = (
				9CABADC42040069C00BED47E /* JSON */,
				9CABADC12040047300BED47E /* Model */,
				9CABADB3203FF61000BED47E /* Networking */,
				9CABAD93203FF02700BED47E /* AppDelegate.swift */,
				9CABAD95203FF02700BED47E /* ViewController.swift */,
				9CABAD97203FF02700BED47E /* Main.storyboard */,
				9CABAD9A203FF02700BED47E /* Assets.xcassets */,
				9CABAD9C203FF02700BED47E /* LaunchScreen.storyboard */,
				9CABAD9F203FF02700BED47E /* Info.plist */,
			);
			path = PlayerApp;
			sourceTree = "<group>";
		};
		9CABADA7203FF02700BED47E /* PlayerAppTests */ = {
			isa = PBXGroup;
			children = (
				9CABADA8203FF02700BED47E /* PlayerAppTests.swift */,
				9CABADAA203FF02700BED47E /* Info.plist */,
			);
			path = PlayerAppTests;
			sourceTree = "<group>";
		};
		9CABADB3203FF61000BED47E /* Networking */ = {
			isa = PBXGroup;
			children = (
				9CABADB7203FF63200BED47E /* AudioDataFetchRequest.swift */,
				9CABADB5203FF63200BED47E /* NetworkClient.swift */,
				9CABADB6203FF63200BED47E /* NetworkCommunicator.swift */,
				9CABADB4203FF63200BED47E /* URLRequestExtension.swift */,
			);
			path = Networking;
			sourceTree = "<group>";
		};
		9CABADC12040047300BED47E /* Model */ = {
			isa = PBXGroup;
			children = (
				9CABADC2204004D000BED47E /* Audio.swift */,
			);
			path = Model;
			sourceTree = "<group>";
		};
		9CABADC42040069C00BED47E /* JSON */ = {
			isa = PBXGroup;
			children = (
				9CABADC5204006B500BED47E /* AudioJson.swift */,
			);
			path = JSON;
			sourceTree = "<group>";
		};
/* End PBXGroup section */

/* Begin PBXNativeTarget section */
		9CABAD8F203FF02700BED47E /* PlayerApp */ = {
			isa = PBXNativeTarget;
			buildConfigurationList = 9CABADAD203FF02700BED47E /* Build configuration list for PBXNativeTarget "PlayerApp" */;
			buildPhases = (
				9CABAD8C203FF02700BED47E /* Sources */,
				9CABAD8D203FF02700BED47E /* Frameworks */,
				9CABAD8E203FF02700BED47E /* Resources */,
			);
			buildRules = (
			);
			dependencies = (
			);
			name = PlayerApp;
			productName = PlayerApp;
			productReference = 9CABAD90203FF02700BED47E /* PlayerApp.app */;
			productType = "com.apple.product-type.application";
		};
		9CABADA3203FF02700BED47E /* PlayerAppTests */ = {
			isa = PBXNativeTarget;
			buildConfigurationList = 9CABADB0203FF02700BED47E /* Build configuration list for PBXNativeTarget "PlayerAppTests" */;
			buildPhases = (
				9CABADA0203FF02700BED47E /* Sources */,
				9CABADA1203FF02700BED47E /* Frameworks */,
				9CABADA2203FF02700BED47E /* Resources */,
			);
			buildRules = (
			);
			dependencies = (
				9CABADA6203FF02700BED47E /* PBXTargetDependency */,
			);
			name = PlayerAppTests;
			productName = PlayerAppTests;
			productReference = 9CABADA4203FF02700BED47E /* PlayerAppTests.xctest */;
			productType = "com.apple.product-type.bundle.unit-test";
		};
/* End PBXNativeTarget section */

/* Begin PBXProject section */
		9CABAD88203FF02700BED47E /* Project object */ = {
			isa = PBXProject;
			attributes = {
				LastSwiftUpdateCheck = 0910;
				LastUpgradeCheck = 0910;
				ORGANIZATIONNAME = "Abhishek Chatterjee";
				TargetAttributes = {
					9CABAD8F203FF02700BED47E = {
						CreatedOnToolsVersion = 9.1;
						ProvisioningStyle = Automatic;
					};
					9CABADA3203FF02700BED47E = {
						CreatedOnToolsVersion = 9.1;
						ProvisioningStyle = Automatic;
						TestTargetID = 9CABAD8F203FF02700BED47E;
					};
				};
			};
			buildConfigurationList = 9CABAD8B203FF02700BED47E /* Build configuration list for PBXProject "PlayerApp" */;
			compatibilityVersion = "Xcode 8.0";
			developmentRegion = en;
			hasScannedForEncodings = 0;
			knownRegions = (
				en,
				Base,
			);
			mainGroup = 9CABAD87203FF02700BED47E;
			productRefGroup = 9CABAD91203FF02700BED47E /* Products */;
			projectDirPath = "";
			projectRoot = "";
			targets = (
				9CABAD8F203FF02700BED47E /* PlayerApp */,
				9CABADA3203FF02700BED47E /* PlayerAppTests */,
			);
		};
/* End PBXProject section */

/* Begin PBXResourcesBuildPhase section */
		9CABAD8E203FF02700BED47E /* Resources */ = {
			isa = PBXResourcesBuildPhase;
			buildActionMask = 2147483647;
			files = (
				9CABAD9E203FF02700BED47E /* LaunchScreen.storyboard in Resources */,
				9CABAD9B203FF02700BED47E /* Assets.xcassets in Resources */,
				9CABAD99203FF02700BED47E /* Main.storyboard in Resources */,
			);
			runOnlyForDeploymentPostprocessing = 0;
		};
		9CABADA2203FF02700BED47E /* Resources */ = {
			isa = PBXResourcesBuildPhase;
			buildActionMask = 2147483647;
			files = (
			);
			runOnlyForDeploymentPostprocessing = 0;
		};
/* End PBXResourcesBuildPhase section */

/* Begin PBXSourcesBuildPhase section */
		9CABAD8C203FF02700BED47E /* Sources */ = {
			isa = PBXSourcesBuildPhase;
			buildActionMask = 2147483647;
			files = (
				9CABADC3204004D000BED47E /* Audio.swift in Sources */,
				9CABADBC203FF63300BED47E /* AudioDataFetchRequest.swift in Sources */,
				9CABADC6204006B500BED47E /* AudioJson.swift in Sources */,
				9CABADBB203FF63300BED47E /* NetworkCommunicator.swift in Sources */,
				9CABADB9203FF63300BED47E /* URLRequestExtension.swift in Sources */,
				9CABAD96203FF02700BED47E /* ViewController.swift in Sources */,
				9CABAD94203FF02700BED47E /* AppDelegate.swift in Sources */,
				9CABADBA203FF63300BED47E /* NetworkClient.swift in Sources */,
			);
			runOnlyForDeploymentPostprocessing = 0;
		};
		9CABADA0203FF02700BED47E /* Sources */ = {
			isa = PBXSourcesBuildPhase;
			buildActionMask = 2147483647;
			files = (
				9CABADA9203FF02700BED47E /* PlayerAppTests.swift in Sources */,
			);
			runOnlyForDeploymentPostprocessing = 0;
		};
/* End PBXSourcesBuildPhase section */

/* Begin PBXTargetDependency section */
		9CABADA6203FF02700BED47E /* PBXTargetDependency */ = {
			isa = PBXTargetDependency;
			target = 9CABAD8F203FF02700BED47E /* PlayerApp */;
			targetProxy = 9CABADA5203FF02700BED47E /* PBXContainerItemProxy */;
		};
/* End PBXTargetDependency section */

/* Begin PBXVariantGroup section */
		9CABAD97203FF02700BED47E /* Main.storyboard */ = {
			isa = PBXVariantGroup;
			children = (
				9CABAD98203FF02700BED47E /* Base */,
			);
			name = Main.storyboard;
			sourceTree = "<group>";
		};
		9CABAD9C203FF02700BED47E /* LaunchScreen.storyboard */ = {
			isa = PBXVariantGroup;
			children = (
				9CABAD9D203FF02700BED47E /* Base */,
			);
			name = LaunchScreen.storyboard;
			sourceTree = "<group>";
		};
/* End PBXVariantGroup section */

/* Begin XCBuildConfiguration section */
		9CABADAB203FF02700BED47E /* Debug */ = {
			isa = XCBuildConfiguration;
			buildSettings = {
				ALWAYS_SEARCH_USER_PATHS = NO;
				CLANG_ANALYZER_NONNULL = YES;
				CLANG_ANALYZER_NUMBER_OBJECT_CONVERSION = YES_AGGRESSIVE;
				CLANG_CXX_LANGUAGE_STANDARD = "gnu++14";
				CLANG_CXX_LIBRARY = "libc++";
				CLANG_ENABLE_MODULES = YES;
				CLANG_ENABLE_OBJC_ARC = YES;
				CLANG_WARN_BLOCK_CAPTURE_AUTORELEASING = YES;
				CLANG_WARN_BOOL_CONVERSION = YES;
				CLANG_WARN_COMMA = YES;
				CLANG_WARN_CONSTANT_CONVERSION = YES;
				CLANG_WARN_DIRECT_OBJC_ISA_USAGE = YES_ERROR;
				CLANG_WARN_DOCUMENTATION_COMMENTS = YES;
				CLANG_WARN_EMPTY_BODY = YES;
				CLANG_WARN_ENUM_CONVERSION = YES;
				CLANG_WARN_INFINITE_RECURSION = YES;
				CLANG_WARN_INT_CONVERSION = YES;
				CLANG_WARN_NON_LITERAL_NULL_CONVERSION = YES;
				CLANG_WARN_OBJC_LITERAL_CONVERSION = YES;
				CLANG_WARN_OBJC_ROOT_CLASS = YES_ERROR;
				CLANG_WARN_RANGE_LOOP_ANALYSIS = YES;
				CLANG_WARN_STRICT_PROTOTYPES = YES;
				CLANG_WARN_SUSPICIOUS_MOVE = YES;
				CLANG_WARN_UNGUARDED_AVAILABILITY = YES_AGGRESSIVE;
				CLANG_WARN_UNREACHABLE_CODE = YES;
				CLANG_WARN__DUPLICATE_METHOD_MATCH = YES;
				CODE_SIGN_IDENTITY = "iPhone Developer";
				COPY_PHASE_STRIP = NO;
				DEBUG_INFORMATION_FORMAT = dwarf;
				ENABLE_STRICT_OBJC_MSGSEND = YES;
				ENABLE_TESTABILITY = YES;
				GCC_C_LANGUAGE_STANDARD = gnu11;
				GCC_DYNAMIC_NO_PIC = NO;
				GCC_NO_COMMON_BLOCKS = YES;
				GCC_OPTIMIZATION_LEVEL = 0;
				GCC_PREPROCESSOR_DEFINITIONS = (
					"DEBUG=1",
					"$(inherited)",
				);
				GCC_WARN_64_TO_32_BIT_CONVERSION = YES;
				GCC_WARN_ABOUT_RETURN_TYPE = YES_ERROR;
				GCC_WARN_UNDECLARED_SELECTOR = YES;
				GCC_WARN_UNINITIALIZED_AUTOS = YES_AGGRESSIVE;
				GCC_WARN_UNUSED_FUNCTION = YES;
				GCC_WARN_UNUSED_VARIABLE = YES;
				IPHONEOS_DEPLOYMENT_TARGET = 11.1;
				MTL_ENABLE_DEBUG_INFO = YES;
				ONLY_ACTIVE_ARCH = YES;
				SDKROOT = iphoneos;
				SWIFT_ACTIVE_COMPILATION_CONDITIONS = DEBUG;
				SWIFT_OPTIMIZATION_LEVEL = "-Onone";
			};
			name = Debug;
		};
		9CABADAC203FF02700BED47E /* Release */ = {
			isa = XCBuildConfiguration;
			buildSettings = {
				ALWAYS_SEARCH_USER_PATHS = NO;
				CLANG_ANALYZER_NONNULL = YES;
				CLANG_ANALYZER_NUMBER_OBJECT_CONVERSION = YES_AGGRESSIVE;
				CLANG_CXX_LANGUAGE_STANDARD = "gnu++14";
				CLANG_CXX_LIBRARY = "libc++";
				CLANG_ENABLE_MODULES = YES;
				CLANG_ENABLE_OBJC_ARC = YES;
				CLANG_WARN_BLOCK_CAPTURE_AUTORELEASING = YES;
				CLANG_WARN_BOOL_CONVERSION = YES;
				CLANG_WARN_COMMA = YES;
				CLANG_WARN_CONSTANT_CONVERSION = YES;
				CLANG_WARN_DIRECT_OBJC_ISA_USAGE = YES_ERROR;
				CLANG_WARN_DOCUMENTATION_COMMENTS = YES;
				CLANG_WARN_EMPTY_BODY = YES;
				CLANG_WARN_ENUM_CONVERSION = YES;
				CLANG_WARN_INFINITE_RECURSION = YES;
				CLANG_WARN_INT_CONVERSION = YES;
				CLANG_WARN_NON_LITERAL_NULL_CONVERSION = YES;
				CLANG_WARN_OBJC_LITERAL_CONVERSION = YES;
				CLANG_WARN_OBJC_ROOT_CLASS = YES_ERROR;
				CLANG_WARN_RANGE_LOOP_ANALYSIS = YES;
				CLANG_WARN_STRICT_PROTOTYPES = YES;
				CLANG_WARN_SUSPICIOUS_MOVE = YES;
				CLANG_WARN_UNGUARDED_AVAILABILITY = YES_AGGRESSIVE;
				CLANG_WARN_UNREACHABLE_CODE = YES;
				CLANG_WARN__DUPLICATE_METHOD_MATCH = YES;
				CODE_SIGN_IDENTITY = "iPhone Developer";
				COPY_PHASE_STRIP = NO;
				DEBUG_INFORMATION_FORMAT = "dwarf-with-dsym";
				ENABLE_NS_ASSERTIONS = NO;
				ENABLE_STRICT_OBJC_MSGSEND = YES;
				GCC_C_LANGUAGE_STANDARD = gnu11;
				GCC_NO_COMMON_BLOCKS = YES;
				GCC_WARN_64_TO_32_BIT_CONVERSION = YES;
				GCC_WARN_ABOUT_RETURN_TYPE = YES_ERROR;
				GCC_WARN_UNDECLARED_SELECTOR = YES;
				GCC_WARN_UNINITIALIZED_AUTOS = YES_AGGRESSIVE;
				GCC_WARN_UNUSED_FUNCTION = YES;
				GCC_WARN_UNUSED_VARIABLE = YES;
				IPHONEOS_DEPLOYMENT_TARGET = 11.1;
				MTL_ENABLE_DEBUG_INFO = NO;
				SDKROOT = iphoneos;
				SWIFT_OPTIMIZATION_LEVEL = "-Owholemodule";
				VALIDATE_PRODUCT = YES;
			};
			name = Release;
		};
		9CABADAE203FF02700BED47E /* Debug */ = {
			isa = XCBuildConfiguration;
			buildSettings = {
				ASSETCATALOG_COMPILER_APPICON_NAME = AppIcon;
				CODE_SIGN_STYLE = Automatic;
				DEVELOPMENT_TEAM = DA22PLWK4R;
				INFOPLIST_FILE = PlayerApp/Info.plist;
				LD_RUNPATH_SEARCH_PATHS = "$(inherited) @executable_path/Frameworks";
				PRODUCT_BUNDLE_IDENTIFIER = com.playerapp.prototype.sample.PlayerApp;
				PRODUCT_NAME = "$(TARGET_NAME)";
				SWIFT_VERSION = 4.0;
				TARGETED_DEVICE_FAMILY = "1,2";
			};
			name = Debug;
		};
		9CABADAF203FF02700BED47E /* Release */ = {
			isa = XCBuildConfiguration;
			buildSettings = {
				ASSETCATALOG_COMPILER_APPICON_NAME = AppIcon;
				CODE_SIGN_STYLE = Automatic;
				DEVELOPMENT_TEAM = DA22PLWK4R;
				INFOPLIST_FILE = PlayerApp/Info.plist;
				LD_RUNPATH_SEARCH_PATHS = "$(inherited) @executable_path/Frameworks";
				PRODUCT_BUNDLE_IDENTIFIER = com.playerapp.prototype.sample.PlayerApp;
				PRODUCT_NAME = "$(TARGET_NAME)";
				SWIFT_VERSION = 4.0;
				TARGETED_DEVICE_FAMILY = "1,2";
			};
			name = Release;
		};
		9CABADB1203FF02700BED47E /* Debug */ = {
			isa = XCBuildConfiguration;
			buildSettings = {
				ALWAYS_EMBED_SWIFT_STANDARD_LIBRARIES = YES;
				BUNDLE_LOADER = "$(TEST_HOST)";
				CODE_SIGN_STYLE = Automatic;
				DEVELOPMENT_TEAM = DA22PLWK4R;
				INFOPLIST_FILE = PlayerAppTests/Info.plist;
				LD_RUNPATH_SEARCH_PATHS = "$(inherited) @executable_path/Frameworks @loader_path/Frameworks";
				PRODUCT_BUNDLE_IDENTIFIER = com.playerapp.prototype.sample.PlayerAppTests;
				PRODUCT_NAME = "$(TARGET_NAME)";
				SWIFT_VERSION = 4.0;
				TARGETED_DEVICE_FAMILY = "1,2";
				TEST_HOST = "$(BUILT_PRODUCTS_DIR)/PlayerApp.app/PlayerApp";
			};
			name = Debug;
		};
		9CABADB2203FF02700BED47E /* Release */ = {
			isa = XCBuildConfiguration;
			buildSettings = {
				ALWAYS_EMBED_SWIFT_STANDARD_LIBRARIES = YES;
				BUNDLE_LOADER = "$(TEST_HOST)";
				CODE_SIGN_STYLE = Automatic;
				DEVELOPMENT_TEAM = DA22PLWK4R;
				INFOPLIST_FILE = PlayerAppTests/Info.plist;
				LD_RUNPATH_SEARCH_PATHS = "$(inherited) @executable_path/Frameworks @loader_path/Frameworks";
				PRODUCT_BUNDLE_IDENTIFIER = com.playerapp.prototype.sample.PlayerAppTests;
				PRODUCT_NAME = "$(TARGET_NAME)";
				SWIFT_VERSION = 4.0;
				TARGETED_DEVICE_FAMILY = "1,2";
				TEST_HOST = "$(BUILT_PRODUCTS_DIR)/PlayerApp.app/PlayerApp";
			};
			name = Release;
		};
/* End XCBuildConfiguration section */

/* Begin XCConfigurationList section */
		9CABAD8B203FF02700BED47E /* Build configuration list for PBXProject "PlayerApp" */ = {
			isa = XCConfigurationList;
			buildConfigurations = (
				9CABADAB203FF02700BED47E /* Debug */,
				9CABADAC203FF02700BED47E /* Release */,
			);
			defaultConfigurationIsVisible = 0;
			defaultConfigurationName = Release;
		};
		9CABADAD203FF02700BED47E /* Build configuration list for PBXNativeTarget "PlayerApp" */ = {
			isa = XCConfigurationList;
			buildConfigurations = (
				9CABADAE203FF02700BED47E /* Debug */,
				9CABADAF203FF02700BED47E /* Release */,
			);
			defaultConfigurationIsVisible = 0;
			defaultConfigurationName = Release;
		};
		9CABADB0203FF02700BED47E /* Build configuration list for PBXNativeTarget "PlayerAppTests" */ = {
			isa = XCConfigurationList;
			buildConfigurations = (
				9CABADB1203FF02700BED47E /* Debug */,
				9CABADB2203FF02700BED47E /* Release */,
			);
			defaultConfigurationIsVisible = 0;
			defaultConfigurationName = Release;
		};
/* End XCConfigurationList section */
	};
	rootObject = 9CABAD88203FF02700BED47E /* Project object */;
}
